
Microsoft Visual Studio Solution File, Format Version 12.00
# Visual Studio 14
VisualStudioVersion = 14.0.25420.1
MinimumVisualStudioVersion = 10.0.40219.1
Project("{FAE04EC0-301F-11D3-BF4B-00C04F79EFBC}") = "Task1", "Task1\Task1.csproj", "{2A7BC2B6-0E0A-4CC3-930E-B1DF932945E7}"
EndProject
Project("{FAE04EC0-301F-11D3-BF4B-00C04F79EFBC}") = "Task1.Tests", "Task1.Tests\Task1.Tests.csproj", "{B7B39F70-1407-4390-836C-F266CD0A743B}"
EndProject
Project("{FAE04EC0-301F-11D3-BF4B-00C04F79EFBC}") = "Task2", "Task2\Task2.csproj", "{C2B9FFF4-1E26-4917-AE9C-885F250E6915}"
EndProject
Project("{FAE04EC0-301F-11D3-BF4B-00C04F79EFBC}") = "Task2.Tests", "Task2.Tests\Task2.Tests.csproj", "{2419B566-6E63-4982-BC60-AC50E1F2DF20}"
EndProject
Global
	GlobalSection(SolutionConfigurationPlatforms) = preSolution
		Debug|Any CPU = Debug|Any CPU
		Release|Any CPU = Release|Any CPU
	EndGlobalSection
	GlobalSection(ProjectConfigurationPlatforms) = postSolution
		{2A7BC2B6-0E0A-4CC3-930E-B1DF932945E7}.Debug|Any CPU.ActiveCfg = Debug|Any CPU
		{2A7BC2B6-0E0A-4CC3-930E-B1DF932945E7}.Debug|Any CPU.Build.0 = Debug|Any CPU
		{2A7BC2B6-0E0A-4CC3-930E-B1DF932945E7}.Release|Any CPU.ActiveCfg = Release|Any CPU
		{2A7BC2B6-0E0A-4CC3-930E-B1DF932945E7}.Release|Any CPU.Build.0 = Release|Any CPU
		{B7B39F70-1407-4390-836C-F266CD0A743B}.Debug|Any CPU.ActiveCfg = Debug|Any CPU
		{B7B39F70-1407-4390-836C-F266CD0A743B}.Debug|Any CPU.Build.0 = Debug|Any CPU
		{B7B39F70-1407-4390-836C-F266CD0A743B}.Release|Any CPU.ActiveCfg = Release|Any CPU
		{B7B39F70-1407-4390-836C-F266CD0A743B}.Release|Any CPU.Build.0 = Release|Any CPU
		{C2B9FFF4-1E26-4917-AE9C-885F250E6915}.Debug|Any CPU.ActiveCfg = Debug|Any CPU
		{C2B9FFF4-1E26-4917-AE9C-885F250E6915}.Debug|Any CPU.Build.0 = Debug|Any CPU
		{C2B9FFF4-1E26-4917-AE9C-885F250E6915}.Release|Any CPU.ActiveCfg = Release|Any CPU
		{C2B9FFF4-1E26-4917-AE9C-885F250E6915}.Release|Any CPU.Build.0 = Release|Any CPU
		{2419B566-6E63-4982-BC60-AC50E1F2DF20}.Debug|Any CPU.ActiveCfg = Debug|Any CPU
		{2419B566-6E63-4982-BC60-AC50E1F2DF20}.Debug|Any CPU.Build.0 = Debug|Any CPU
		{2419B566-6E63-4982-BC60-AC50E1F2DF20}.Release|Any CPU.ActiveCfg = Release|Any CPU
		{2419B566-6E63-4982-BC60-AC50E1F2DF20}.Release|Any CPU.Build.0 = Release|Any CPU
	EndGlobalSection
	GlobalSection(SolutionProperties) = preSolution
		HideSolutionNode = FALSE
	EndGlobalSection
EndGlobal
